
Microsoft Visual Studio Solution File, Format Version 12.00
# Visual Studio Version 16
VisualStudioVersion = 16.0.29709.97
MinimumVisualStudioVersion = 10.0.40219.1
Project("{FAE04EC0-301F-11D3-BF4B-00C04F79EFBC}") = "FlightManager.SimLink", "FlightManager.SimLink\FlightManager.SimLink.csproj", "{44CB5B87-78C0-4B33-897A-C1DD1F985FC3}"
EndProject
Global
	GlobalSection(SolutionConfigurationPlatforms) = preSolution
		Debug|Any CPU = Debug|Any CPU
		Release|Any CPU = Release|Any CPU
	EndGlobalSection
	GlobalSection(ProjectConfigurationPlatforms) = postSolution
		{44CB5B87-78C0-4B33-897A-C1DD1F985FC3}.Debug|Any CPU.ActiveCfg = Debug|Any CPU
		{44CB5B87-78C0-4B33-897A-C1DD1F985FC3}.Debug|Any CPU.Build.0 = Debug|Any CPU
		{44CB5B87-78C0-4B33-897A-C1DD1F985FC3}.Release|Any CPU.ActiveCfg = Release|Any CPU
		{44CB5B87-78C0-4B33-897A-C1DD1F985FC3}.Release|Any CPU.Build.0 = Release|Any CPU
	EndGlobalSection
	GlobalSection(ExtensibilityGlobals) = postSolution
		SolutionGuid = {5ABFA31E-CC40-4F3E-911B-0BB59FB70482}
	EndGlobalSection
EndGlobal
